
Microsoft Visual Studio Solution File, Format Version 12.00
# Visual Studio 15
VisualStudioVersion = 15.0.26730.10
MinimumVisualStudioVersion = 10.0.40219.1
Project("{9A19103F-16F7-4668-BE54-9A1E7A4F7556}") = "Server", "Server\Server.csproj", "{528A6684-0758-481B-B375-45B6D00CB98C}"
EndProject
Project("{9A19103F-16F7-4668-BE54-9A1E7A4F7556}") = "Client", "Client\Client.csproj", "{535D0F08-23ED-4D36-888A-C2B5408E1CA6}"
EndProject
Project("{9A19103F-16F7-4668-BE54-9A1E7A4F7556}") = "Common", "Common\Common.csproj", "{F2854B40-109D-4825-A8EC-6CF1EFE6B24F}"
EndProject
Project("{2150E333-8FDC-42A3-9474-1A3956D46DE8}") = "Solution Items", "Solution Items", "{E88FB1E2-8C1E-46FB-A989-3623946D0E82}"
	ProjectSection(SolutionItems) = preProject
		README.MD = README.MD
	EndProjectSection
EndProject
Global
	GlobalSection(SolutionConfigurationPlatforms) = preSolution
		Debug|Any CPU = Debug|Any CPU
		Release|Any CPU = Release|Any CPU
	EndGlobalSection
	GlobalSection(ProjectConfigurationPlatforms) = postSolution
		{528A6684-0758-481B-B375-45B6D00CB98C}.Debug|Any CPU.ActiveCfg = Debug|Any CPU
		{528A6684-0758-481B-B375-45B6D00CB98C}.Debug|Any CPU.Build.0 = Debug|Any CPU
		{528A6684-0758-481B-B375-45B6D00CB98C}.Release|Any CPU.ActiveCfg = Release|Any CPU
		{528A6684-0758-481B-B375-45B6D00CB98C}.Release|Any CPU.Build.0 = Release|Any CPU
		{535D0F08-23ED-4D36-888A-C2B5408E1CA6}.Debug|Any CPU.ActiveCfg = Debug|Any CPU
		{535D0F08-23ED-4D36-888A-C2B5408E1CA6}.Debug|Any CPU.Build.0 = Debug|Any CPU
		{535D0F08-23ED-4D36-888A-C2B5408E1CA6}.Release|Any CPU.ActiveCfg = Release|Any CPU
		{535D0F08-23ED-4D36-888A-C2B5408E1CA6}.Release|Any CPU.Build.0 = Release|Any CPU
		{F2854B40-109D-4825-A8EC-6CF1EFE6B24F}.Debug|Any CPU.ActiveCfg = Debug|Any CPU
		{F2854B40-109D-4825-A8EC-6CF1EFE6B24F}.Debug|Any CPU.Build.0 = Debug|Any CPU
		{F2854B40-109D-4825-A8EC-6CF1EFE6B24F}.Release|Any CPU.ActiveCfg = Release|Any CPU
		{F2854B40-109D-4825-A8EC-6CF1EFE6B24F}.Release|Any CPU.Build.0 = Release|Any CPU
	EndGlobalSection
	GlobalSection(SolutionProperties) = preSolution
		HideSolutionNode = FALSE
	EndGlobalSection
	GlobalSection(ExtensibilityGlobals) = postSolution
		SolutionGuid = {6FBE51A6-F35B-47C2-BDF6-5431FD7FFB6F}
	EndGlobalSection
EndGlobal
